// !$*UTF8*$!
{
	archiveVersion = 1;
	classes = {
	};
	objectVersion = 55;
	objects = {

/* Begin PBXBuildFile section */
		1693219828E4AE7A00144DB2 /* Gender.swift in Sources */ = {isa = PBXBuildFile; fileRef = 1693219728E4AE7A00144DB2 /* Gender.swift */; };
		1693219A28E4AEC700144DB2 /* Book.swift in Sources */ = {isa = PBXBuildFile; fileRef = 1693219928E4AEC700144DB2 /* Book.swift */; };
		1693219C28E4AFFF00144DB2 /* Library.swift in Sources */ = {isa = PBXBuildFile; fileRef = 1693219B28E4AFFF00144DB2 /* Library.swift */; };
		1693219E28E4B44500144DB2 /* BookDetailView.swift in Sources */ = {isa = PBXBuildFile; fileRef = 1693219D28E4B44500144DB2 /* BookDetailView.swift */; };
		169321A028E4B59300144DB2 /* BookRowView.swift in Sources */ = {isa = PBXBuildFile; fileRef = 1693219F28E4B59300144DB2 /* BookRowView.swift */; };
		16BC9F2D28E2A9D60027549E /* BookManagerApp.swift in Sources */ = {isa = PBXBuildFile; fileRef = 16BC9F2C28E2A9D60027549E /* BookManagerApp.swift */; };
		16BC9F3128E2A9D80027549E /* Assets.xcassets in Resources */ = {isa = PBXBuildFile; fileRef = 16BC9F3028E2A9D80027549E /* Assets.xcassets */; };
		16BC9F3428E2A9D80027549E /* Preview Assets.xcassets in Resources */ = {isa = PBXBuildFile; fileRef = 16BC9F3328E2A9D80027549E /* Preview Assets.xcassets */; };
		16BC9F3F28E2AA720027549E /* AppView.swift in Sources */ = {isa = PBXBuildFile; fileRef = 16BC9F3E28E2AA710027549E /* AppView.swift */; };
		16BC9F4128E2AA7B0027549E /* LibraryView.swift in Sources */ = {isa = PBXBuildFile; fileRef = 16BC9F4028E2AA7B0027549E /* LibraryView.swift */; };
		16BC9F4428E2AA910027549E /* NewBookView.swift in Sources */ = {isa = PBXBuildFile; fileRef = 16BC9F4328E2AA910027549E /* NewBookView.swift */; };
		16BC9F4628E2AA9D0027549E /* ChartsView.swift in Sources */ = {isa = PBXBuildFile; fileRef = 16BC9F4528E2AA9D0027549E /* ChartsView.swift */; };
/* End PBXBuildFile section */

/* Begin PBXFileReference section */
		1693219728E4AE7A00144DB2 /* Gender.swift */ = {isa = PBXFileReference; lastKnownFileType = sourcecode.swift; path = Gender.swift; sourceTree = "<group>"; };
		1693219928E4AEC700144DB2 /* Book.swift */ = {isa = PBXFileReference; lastKnownFileType = sourcecode.swift; path = Book.swift; sourceTree = "<group>"; };
		1693219B28E4AFFF00144DB2 /* Library.swift */ = {isa = PBXFileReference; lastKnownFileType = sourcecode.swift; path = Library.swift; sourceTree = "<group>"; };
		1693219D28E4B44500144DB2 /* BookDetailView.swift */ = {isa = PBXFileReference; lastKnownFileType = sourcecode.swift; path = BookDetailView.swift; sourceTree = "<group>"; };
		1693219F28E4B59300144DB2 /* BookRowView.swift */ = {isa = PBXFileReference; lastKnownFileType = sourcecode.swift; path = BookRowView.swift; sourceTree = "<group>"; };
		16BC9F2928E2A9D60027549E /* BookManager.app */ = {isa = PBXFileReference; explicitFileType = wrapper.application; includeInIndex = 0; path = BookManager.app; sourceTree = BUILT_PRODUCTS_DIR; };
		16BC9F2C28E2A9D60027549E /* BookManagerApp.swift */ = {isa = PBXFileReference; lastKnownFileType = sourcecode.swift; path = BookManagerApp.swift; sourceTree = "<group>"; };
		16BC9F3028E2A9D80027549E /* Assets.xcassets */ = {isa = PBXFileReference; lastKnownFileType = folder.assetcatalog; path = Assets.xcassets; sourceTree = "<group>"; };
		16BC9F3328E2A9D80027549E /* Preview Assets.xcassets */ = {isa = PBXFileReference; lastKnownFileType = folder.assetcatalog; path = "Preview Assets.xcassets"; sourceTree = "<group>"; };
		16BC9F3E28E2AA710027549E /* AppView.swift */ = {isa = PBXFileReference; lastKnownFileType = sourcecode.swift; path = AppView.swift; sourceTree = "<group>"; };
		16BC9F4028E2AA7B0027549E /* LibraryView.swift */ = {isa = PBXFileReference; lastKnownFileType = sourcecode.swift; path = LibraryView.swift; sourceTree = "<group>"; };
		16BC9F4328E2AA910027549E /* NewBookView.swift */ = {isa = PBXFileReference; lastKnownFileType = sourcecode.swift; path = NewBookView.swift; sourceTree = "<group>"; };
		16BC9F4528E2AA9D0027549E /* ChartsView.swift */ = {isa = PBXFileReference; lastKnownFileType = sourcecode.swift; path = ChartsView.swift; sourceTree = "<group>"; };
/* End PBXFileReference section */

/* Begin PBXFrameworksBuildPhase section */
		16BC9F2628E2A9D60027549E /* Frameworks */ = {
			isa = PBXFrameworksBuildPhase;
			buildActionMask = 2147483647;
			files = (
			);
			runOnlyForDeploymentPostprocessing = 0;
		};
/* End PBXFrameworksBuildPhase section */

/* Begin PBXGroup section */
		16BC9F2028E2A9D50027549E = {
			isa = PBXGroup;
			children = (
				16BC9F2B28E2A9D60027549E /* BookManager */,
				16BC9F2A28E2A9D60027549E /* Products */,
			);
			sourceTree = "<group>";
		};
		16BC9F2A28E2A9D60027549E /* Products */ = {
			isa = PBXGroup;
			children = (
				16BC9F2928E2A9D60027549E /* BookManager.app */,
			);
			name = Products;
			sourceTree = "<group>";
		};
		16BC9F2B28E2A9D60027549E /* BookManager */ = {
			isa = PBXGroup;
			children = (
				16BC9F3C28E2AA330027549E /* Models */,
				16BC9F3A28E2AA210027549E /* Views */,
				16BC9F2C28E2A9D60027549E /* BookManagerApp.swift */,
				16BC9F3D28E2AA3E0027549E /* ViewModels */,
				16BC9F3028E2A9D80027549E /* Assets.xcassets */,
				16BC9F3228E2A9D80027549E /* Preview Content */,
			);
			path = BookManager;
			sourceTree = "<group>";
		};
		16BC9F3228E2A9D80027549E /* Preview Content */ = {
			isa = PBXGroup;
			children = (
				16BC9F3328E2A9D80027549E /* Preview Assets.xcassets */,
			);
			path = "Preview Content";
			sourceTree = "<group>";
		};
		16BC9F3A28E2AA210027549E /* Views */ = {
			isa = PBXGroup;
			children = (
				16BC9F3E28E2AA710027549E /* AppView.swift */,
				16BC9F4028E2AA7B0027549E /* LibraryView.swift */,
				16BC9F4328E2AA910027549E /* NewBookView.swift */,
				16BC9F4528E2AA9D0027549E /* ChartsView.swift */,
				1693219D28E4B44500144DB2 /* BookDetailView.swift */,
				1693219F28E4B59300144DB2 /* BookRowView.swift */,
			);
			path = Views;
			sourceTree = "<group>";
		};
		16BC9F3C28E2AA330027549E /* Models */ = {
			isa = PBXGroup;
			children = (
				1693219728E4AE7A00144DB2 /* Gender.swift */,
				1693219928E4AEC700144DB2 /* Book.swift */,
			);
			path = Models;
			sourceTree = "<group>";
		};
		16BC9F3D28E2AA3E0027549E /* ViewModels */ = {
			isa = PBXGroup;
			children = (
				1693219B28E4AFFF00144DB2 /* Library.swift */,
			);
			path = ViewModels;
			sourceTree = "<group>";
		};
/* End PBXGroup section */

/* Begin PBXNativeTarget section */
		16BC9F2828E2A9D60027549E /* BookManager */ = {
			isa = PBXNativeTarget;
			buildConfigurationList = 16BC9F3728E2A9D80027549E /* Build configuration list for PBXNativeTarget "BookManager" */;
			buildPhases = (
				16BC9F2528E2A9D60027549E /* Sources */,
				16BC9F2628E2A9D60027549E /* Frameworks */,
				16BC9F2728E2A9D60027549E /* Resources */,
			);
			buildRules = (
			);
			dependencies = (
			);
			name = BookManager;
			productName = BookManager;
			productReference = 16BC9F2928E2A9D60027549E /* BookManager.app */;
			productType = "com.apple.product-type.application";
		};
/* End PBXNativeTarget section */

/* Begin PBXProject section */
		16BC9F2128E2A9D50027549E /* Project object */ = {
			isa = PBXProject;
			attributes = {
				BuildIndependentTargetsInParallel = 1;
				LastSwiftUpdateCheck = 1320;
				LastUpgradeCheck = 1320;
				TargetAttributes = {
					16BC9F2828E2A9D60027549E = {
						CreatedOnToolsVersion = 13.2.1;
					};
				};
			};
			buildConfigurationList = 16BC9F2428E2A9D50027549E /* Build configuration list for PBXProject "BookManager" */;
			compatibilityVersion = "Xcode 13.0";
			developmentRegion = en;
			hasScannedForEncodings = 0;
			knownRegions = (
				en,
				Base,
			);
			mainGroup = 16BC9F2028E2A9D50027549E;
			productRefGroup = 16BC9F2A28E2A9D60027549E /* Products */;
			projectDirPath = "";
			projectRoot = "";
			targets = (
				16BC9F2828E2A9D60027549E /* BookManager */,
			);
		};
/* End PBXProject section */

/* Begin PBXResourcesBuildPhase section */
		16BC9F2728E2A9D60027549E /* Resources */ = {
			isa = PBXResourcesBuildPhase;
			buildActionMask = 2147483647;
			files = (
				16BC9F3428E2A9D80027549E /* Preview Assets.xcassets in Resources */,
				16BC9F3128E2A9D80027549E /* Assets.xcassets in Resources */,
			);
			runOnlyForDeploymentPostprocessing = 0;
		};
/* End PBXResourcesBuildPhase section */

/* Begin PBXSourcesBuildPhase section */
		16BC9F2528E2A9D60027549E /* Sources */ = {
			isa = PBXSourcesBuildPhase;
			buildActionMask = 2147483647;
			files = (
				1693219828E4AE7A00144DB2 /* Gender.swift in Sources */,
				16BC9F4128E2AA7B0027549E /* LibraryView.swift in Sources */,
				1693219A28E4AEC700144DB2 /* Book.swift in Sources */,
				16BC9F2D28E2A9D60027549E /* BookManagerApp.swift in Sources */,
				1693219E28E4B44500144DB2 /* BookDetailView.swift in Sources */,
				16BC9F4428E2AA910027549E /* NewBookView.swift in Sources */,
				1693219C28E4AFFF00144DB2 /* Library.swift in Sources */,
				16BC9F3F28E2AA720027549E /* AppView.swift in Sources */,
				169321A028E4B59300144DB2 /* BookRowView.swift in Sources */,
				16BC9F4628E2AA9D0027549E /* ChartsView.swift in Sources */,
			);
			runOnlyForDeploymentPostprocessing = 0;
		};
/* End PBXSourcesBuildPhase section */

/* Begin XCBuildConfiguration section */
		16BC9F3528E2A9D80027549E /* Debug */ = {
			isa = XCBuildConfiguration;
			buildSettings = {
				ALWAYS_SEARCH_USER_PATHS = NO;
				CLANG_ANALYZER_NONNULL = YES;
				CLANG_ANALYZER_NUMBER_OBJECT_CONVERSION = YES_AGGRESSIVE;
				CLANG_CXX_LANGUAGE_STANDARD = "gnu++17";
				CLANG_CXX_LIBRARY = "libc++";
				CLANG_ENABLE_MODULES = YES;
				CLANG_ENABLE_OBJC_ARC = YES;
				CLANG_ENABLE_OBJC_WEAK = YES;
				CLANG_WARN_BLOCK_CAPTURE_AUTORELEASING = YES;
				CLANG_WARN_BOOL_CONVERSION = YES;
				CLANG_WARN_COMMA = YES;
				CLANG_WARN_CONSTANT_CONVERSION = YES;
				CLANG_WARN_DEPRECATED_OBJC_IMPLEMENTATIONS = YES;
				CLANG_WARN_DIRECT_OBJC_ISA_USAGE = YES_ERROR;
				CLANG_WARN_DOCUMENTATION_COMMENTS = YES;
				CLANG_WARN_EMPTY_BODY = YES;
				CLANG_WARN_ENUM_CONVERSION = YES;
				CLANG_WARN_INFINITE_RECURSION = YES;
				CLANG_WARN_INT_CONVERSION = YES;
				CLANG_WARN_NON_LITERAL_NULL_CONVERSION = YES;
				CLANG_WARN_OBJC_IMPLICIT_RETAIN_SELF = YES;
				CLANG_WARN_OBJC_LITERAL_CONVERSION = YES;
				CLANG_WARN_OBJC_ROOT_CLASS = YES_ERROR;
				CLANG_WARN_QUOTED_INCLUDE_IN_FRAMEWORK_HEADER = YES;
				CLANG_WARN_RANGE_LOOP_ANALYSIS = YES;
				CLANG_WARN_STRICT_PROTOTYPES = YES;
				CLANG_WARN_SUSPICIOUS_MOVE = YES;
				CLANG_WARN_UNGUARDED_AVAILABILITY = YES_AGGRESSIVE;
				CLANG_WARN_UNREACHABLE_CODE = YES;
				CLANG_WARN__DUPLICATE_METHOD_MATCH = YES;
				COPY_PHASE_STRIP = NO;
				DEBUG_INFORMATION_FORMAT = dwarf;
				ENABLE_STRICT_OBJC_MSGSEND = YES;
				ENABLE_TESTABILITY = YES;
				GCC_C_LANGUAGE_STANDARD = gnu11;
				GCC_DYNAMIC_NO_PIC = NO;
				GCC_NO_COMMON_BLOCKS = YES;
				GCC_OPTIMIZATION_LEVEL = 0;
				GCC_PREPROCESSOR_DEFINITIONS = (
					"DEBUG=1",
					"$(inherited)",
				);
				GCC_WARN_64_TO_32_BIT_CONVERSION = YES;
				GCC_WARN_ABOUT_RETURN_TYPE = YES_ERROR;
				GCC_WARN_UNDECLARED_SELECTOR = YES;
				GCC_WARN_UNINITIALIZED_AUTOS = YES_AGGRESSIVE;
				GCC_WARN_UNUSED_FUNCTION = YES;
				GCC_WARN_UNUSED_VARIABLE = YES;
				IPHONEOS_DEPLOYMENT_TARGET = 15.2;
				MTL_ENABLE_DEBUG_INFO = INCLUDE_SOURCE;
				MTL_FAST_MATH = YES;
				ONLY_ACTIVE_ARCH = YES;
				SDKROOT = iphoneos;
				SWIFT_ACTIVE_COMPILATION_CONDITIONS = DEBUG;
				SWIFT_OPTIMIZATION_LEVEL = "-Onone";
			};
			name = Debug;
		};
		16BC9F3628E2A9D80027549E /* Release */ = {
			isa = XCBuildConfiguration;
			buildSettings = {
				ALWAYS_SEARCH_USER_PATHS = NO;
				CLANG_ANALYZER_NONNULL = YES;
				CLANG_ANALYZER_NUMBER_OBJECT_CONVERSION = YES_AGGRESSIVE;
				CLANG_CXX_LANGUAGE_STANDARD = "gnu++17";
				CLANG_CXX_LIBRARY = "libc++";
				CLANG_ENABLE_MODULES = YES;
				CLANG_ENABLE_OBJC_ARC = YES;
				CLANG_ENABLE_OBJC_WEAK = YES;
				CLANG_WARN_BLOCK_CAPTURE_AUTORELEASING = YES;
				CLANG_WARN_BOOL_CONVERSION = YES;
				CLANG_WARN_COMMA = YES;
				CLANG_WARN_CONSTANT_CONVERSION = YES;
				CLANG_WARN_DEPRECATED_OBJC_IMPLEMENTATIONS = YES;
				CLANG_WARN_DIRECT_OBJC_ISA_USAGE = YES_ERROR;
				CLANG_WARN_DOCUMENTATION_COMMENTS = YES;
				CLANG_WARN_EMPTY_BODY = YES;
				CLANG_WARN_ENUM_CONVERSION = YES;
				CLANG_WARN_INFINITE_RECURSION = YES;
				CLANG_WARN_INT_CONVERSION = YES;
				CLANG_WARN_NON_LITERAL_NULL_CONVERSION = YES;
				CLANG_WARN_OBJC_IMPLICIT_RETAIN_SELF = YES;
				CLANG_WARN_OBJC_LITERAL_CONVERSION = YES;
				CLANG_WARN_OBJC_ROOT_CLASS = YES_ERROR;
				CLANG_WARN_QUOTED_INCLUDE_IN_FRAMEWORK_HEADER = YES;
				CLANG_WARN_RANGE_LOOP_ANALYSIS = YES;
				CLANG_WARN_STRICT_PROTOTYPES = YES;
				CLANG_WARN_SUSPICIOUS_MOVE = YES;
				CLANG_WARN_UNGUARDED_AVAILABILITY = YES_AGGRESSIVE;
				CLANG_WARN_UNREACHABLE_CODE = YES;
				CLANG_WARN__DUPLICATE_METHOD_MATCH = YES;
				COPY_PHASE_STRIP = NO;
				DEBUG_INFORMATION_FORMAT = "dwarf-with-dsym";
				ENABLE_NS_ASSERTIONS = NO;
				ENABLE_STRICT_OBJC_MSGSEND = YES;
				GCC_C_LANGUAGE_STANDARD = gnu11;
				GCC_NO_COMMON_BLOCKS = YES;
				GCC_WARN_64_TO_32_BIT_CONVERSION = YES;
				GCC_WARN_ABOUT_RETURN_TYPE = YES_ERROR;
				GCC_WARN_UNDECLARED_SELECTOR = YES;
				GCC_WARN_UNINITIALIZED_AUTOS = YES_AGGRESSIVE;
				GCC_WARN_UNUSED_FUNCTION = YES;
				GCC_WARN_UNUSED_VARIABLE = YES;
				IPHONEOS_DEPLOYMENT_TARGET = 15.2;
				MTL_ENABLE_DEBUG_INFO = NO;
				MTL_FAST_MATH = YES;
				SDKROOT = iphoneos;
				SWIFT_COMPILATION_MODE = wholemodule;
				SWIFT_OPTIMIZATION_LEVEL = "-O";
				VALIDATE_PRODUCT = YES;
			};
			name = Release;
		};
		16BC9F3828E2A9D80027549E /* Debug */ = {
			isa = XCBuildConfiguration;
			buildSettings = {
				ASSETCATALOG_COMPILER_APPICON_NAME = AppIcon;
				ASSETCATALOG_COMPILER_GLOBAL_ACCENT_COLOR_NAME = AccentColor;
				CODE_SIGN_STYLE = Automatic;
				CURRENT_PROJECT_VERSION = 1;
				DEVELOPMENT_ASSET_PATHS = "\"BookManager/Preview Content\"";
				ENABLE_PREVIEWS = YES;
				GENERATE_INFOPLIST_FILE = YES;
				INFOPLIST_KEY_UIApplicationSceneManifest_Generation = YES;
				INFOPLIST_KEY_UIApplicationSupportsIndirectInputEvents = YES;
				INFOPLIST_KEY_UILaunchScreen_Generation = YES;
				INFOPLIST_KEY_UISupportedInterfaceOrientations_iPad = "UIInterfaceOrientationPortrait UIInterfaceOrientationPortraitUpsideDown UIInterfaceOrientationLandscapeLeft UIInterfaceOrientationLandscapeRight";
				INFOPLIST_KEY_UISupportedInterfaceOrientations_iPhone = "UIInterfaceOrientationPortrait UIInterfaceOrientationLandscapeLeft UIInterfaceOrientationLandscapeRight";
				LD_RUNPATH_SEARCH_PATHS = (
					"$(inherited)",
					"@executable_path/Frameworks",
				);
				MARKETING_VERSION = 1.0;
				PRODUCT_BUNDLE_IDENTIFIER = cmu.BookManager;
				PRODUCT_NAME = "$(TARGET_NAME)";
				SWIFT_EMIT_LOC_STRINGS = YES;
				SWIFT_VERSION = 5.0;
				TARGETED_DEVICE_FAMILY = "1,2";
			};
			name = Debug;
		};
		16BC9F3928E2A9D80027549E /* Release */ = {
			isa = XCBuildConfiguration;
			buildSettings = {
				ASSETCATALOG_COMPILER_APPICON_NAME = AppIcon;
				ASSETCATALOG_COMPILER_GLOBAL_ACCENT_COLOR_NAME = AccentColor;
				CODE_SIGN_STYLE = Automatic;
				CURRENT_PROJECT_VERSION = 1;
				DEVELOPMENT_ASSET_PATHS = "\"BookManager/Preview Content\"";
				ENABLE_PREVIEWS = YES;
				GENERATE_INFOPLIST_FILE = YES;
				INFOPLIST_KEY_UIApplicationSceneManifest_Generation = YES;
				INFOPLIST_KEY_UIApplicationSupportsIndirectInputEvents = YES;
				INFOPLIST_KEY_UILaunchScreen_Generation = YES;
				INFOPLIST_KEY_UISupportedInterfaceOrientations_iPad = "UIInterfaceOrientationPortrait UIInterfaceOrientationPortraitUpsideDown UIInterfaceOrientationLandscapeLeft UIInterfaceOrientationLandscapeRight";
				INFOPLIST_KEY_UISupportedInterfaceOrientations_iPhone = "UIInterfaceOrientationPortrait UIInterfaceOrientationLandscapeLeft UIInterfaceOrientationLandscapeRight";
				LD_RUNPATH_SEARCH_PATHS = (
					"$(inherited)",
					"@executable_path/Frameworks",
				);
				MARKETING_VERSION = 1.0;
				PRODUCT_BUNDLE_IDENTIFIER = cmu.BookManager;
				PRODUCT_NAME = "$(TARGET_NAME)";
				SWIFT_EMIT_LOC_STRINGS = YES;
				SWIFT_VERSION = 5.0;
				TARGETED_DEVICE_FAMILY = "1,2";
			};
			name = Release;
		};
/* End XCBuildConfiguration section */

/* Begin XCConfigurationList section */
		16BC9F2428E2A9D50027549E /* Build configuration list for PBXProject "BookManager" */ = {
			isa = XCConfigurationList;
			buildConfigurations = (
				16BC9F3528E2A9D80027549E /* Debug */,
				16BC9F3628E2A9D80027549E /* Release */,
			);
			defaultConfigurationIsVisible = 0;
			defaultConfigurationName = Release;
		};
		16BC9F3728E2A9D80027549E /* Build configuration list for PBXNativeTarget "BookManager" */ = {
			isa = XCConfigurationList;
			buildConfigurations = (
				16BC9F3828E2A9D80027549E /* Debug */,
				16BC9F3928E2A9D80027549E /* Release */,
			);
			defaultConfigurationIsVisible = 0;
			defaultConfigurationName = Release;
		};
/* End XCConfigurationList section */
	};
	rootObject = 16BC9F2128E2A9D50027549E /* Project object */;
}
